
Microsoft Visual Studio Solution File, Format Version 12.00
# Visual Studio 15
VisualStudioVersion = 15.0.27004.2002
MinimumVisualStudioVersion = 10.0.40219.1
Project("{FAE04EC0-301F-11D3-BF4B-00C04F79EFBC}") = "WcfService1", "WcfService1\WcfService1.csproj", "{E669C739-6370-48C9-8D04-B701578DE3AF}"
EndProject
Project("{FAE04EC0-301F-11D3-BF4B-00C04F79EFBC}") = "WcfService1Tests", "WcfService1Tests\WcfService1Tests.csproj", "{9DEB6C13-63DC-4D19-9DE9-63220CA7D3D7}"
EndProject
Global
	GlobalSection(SolutionConfigurationPlatforms) = preSolution
		Debug|Any CPU = Debug|Any CPU
		Release|Any CPU = Release|Any CPU
	EndGlobalSection
	GlobalSection(ProjectConfigurationPlatforms) = postSolution
		{E669C739-6370-48C9-8D04-B701578DE3AF}.Debug|Any CPU.ActiveCfg = Debug|Any CPU
		{E669C739-6370-48C9-8D04-B701578DE3AF}.Debug|Any CPU.Build.0 = Debug|Any CPU
		{E669C739-6370-48C9-8D04-B701578DE3AF}.Release|Any CPU.ActiveCfg = Release|Any CPU
		{E669C739-6370-48C9-8D04-B701578DE3AF}.Release|Any CPU.Build.0 = Release|Any CPU
		{9DEB6C13-63DC-4D19-9DE9-63220CA7D3D7}.Debug|Any CPU.ActiveCfg = Debug|Any CPU
		{9DEB6C13-63DC-4D19-9DE9-63220CA7D3D7}.Debug|Any CPU.Build.0 = Debug|Any CPU
		{9DEB6C13-63DC-4D19-9DE9-63220CA7D3D7}.Release|Any CPU.ActiveCfg = Release|Any CPU
		{9DEB6C13-63DC-4D19-9DE9-63220CA7D3D7}.Release|Any CPU.Build.0 = Release|Any CPU
	EndGlobalSection
	GlobalSection(SolutionProperties) = preSolution
		HideSolutionNode = FALSE
	EndGlobalSection
	GlobalSection(ExtensibilityGlobals) = postSolution
		SolutionGuid = {E89C916B-087B-4440-9842-9DDCCABF7A9B}
	EndGlobalSection
EndGlobal
